// !$*UTF8*$!
{
	archiveVersion = 1;
	classes = {
	};
	objectVersion = 56;
	objects = {

/* Begin PBXBuildFile section */
		503ECA4B8609A9350117A3CA /* Pods_MinhaLivraria.framework in Frameworks */ = {isa = PBXBuildFile; fileRef = 98284636BFA28B35CAE1AF74 /* Pods_MinhaLivraria.framework */; };
		6C2D23FD2B7ABC7400407672 /* AppDelegate.swift in Sources */ = {isa = PBXBuildFile; fileRef = 6C2D23FC2B7ABC7400407672 /* AppDelegate.swift */; };
		6C2D23FF2B7ABC7400407672 /* SceneDelegate.swift in Sources */ = {isa = PBXBuildFile; fileRef = 6C2D23FE2B7ABC7400407672 /* SceneDelegate.swift */; };
		6C2D24012B7ABC7400407672 /* ViewController.swift in Sources */ = {isa = PBXBuildFile; fileRef = 6C2D24002B7ABC7400407672 /* ViewController.swift */; };
		6C2D24062B7ABC7600407672 /* Assets.xcassets in Resources */ = {isa = PBXBuildFile; fileRef = 6C2D24052B7ABC7600407672 /* Assets.xcassets */; };
		6C2D24092B7ABC7600407672 /* LaunchScreen.storyboard in Resources */ = {isa = PBXBuildFile; fileRef = 6C2D24072B7ABC7600407672 /* LaunchScreen.storyboard */; };
		6C2D24112B7AC69B00407672 /* BookCollectionCell.swift in Sources */ = {isa = PBXBuildFile; fileRef = 6C2D24102B7AC69B00407672 /* BookCollectionCell.swift */; };
		6C2D24132B7AD3EB00407672 /* Interactor.swift in Sources */ = {isa = PBXBuildFile; fileRef = 6C2D24122B7AD3EA00407672 /* Interactor.swift */; };
		6C8FF4672B7F03D300F41786 /* MyButton.swift in Sources */ = {isa = PBXBuildFile; fileRef = 6C8FF4662B7F03D300F41786 /* MyButton.swift */; };
		6C8FF4692B80335300F41786 /* AuthorModel.swift in Sources */ = {isa = PBXBuildFile; fileRef = 6C8FF4682B80335300F41786 /* AuthorModel.swift */; };
		6C8FF46B2B803C7400F41786 /* BookInteractor.swift in Sources */ = {isa = PBXBuildFile; fileRef = 6C8FF46A2B803C7400F41786 /* BookInteractor.swift */; };
		6C8FF46D2B81148A00F41786 /* WishListViewController.swift in Sources */ = {isa = PBXBuildFile; fileRef = 6C8FF46C2B81148A00F41786 /* WishListViewController.swift */; };
		6C8FF46F2B81160600F41786 /* WishListInteractor.swift in Sources */ = {isa = PBXBuildFile; fileRef = 6C8FF46E2B81160600F41786 /* WishListInteractor.swift */; };
		6C8FF4772B811B9E00F41786 /* ReadViewController.swift in Sources */ = {isa = PBXBuildFile; fileRef = 6C8FF4762B811B9E00F41786 /* ReadViewController.swift */; };
		6C8FF4792B811BF200F41786 /* ReadInteractor.swift in Sources */ = {isa = PBXBuildFile; fileRef = 6C8FF4782B811BF200F41786 /* ReadInteractor.swift */; };
		6CCB37222B7E6EDB00D2603C /* LibraryDataBase in Resources */ = {isa = PBXBuildFile; fileRef = 6CCB37212B7E6EDB00D2603C /* LibraryDataBase */; };
		6CCB37262B7E740F00D2603C /* BookModel.swift in Sources */ = {isa = PBXBuildFile; fileRef = 6CCB37252B7E740F00D2603C /* BookModel.swift */; };
		6CCB37282B7EB1B200D2603C /* Presenter.swift in Sources */ = {isa = PBXBuildFile; fileRef = 6CCB37272B7EB1B200D2603C /* Presenter.swift */; };
		6CCB372A2B7EB3B400D2603C /* ImageLoader.swift in Sources */ = {isa = PBXBuildFile; fileRef = 6CCB37292B7EB3B300D2603C /* ImageLoader.swift */; };
		6CCB372C2B7EBB8A00D2603C /* BookViewController.swift in Sources */ = {isa = PBXBuildFile; fileRef = 6CCB372B2B7EBB8900D2603C /* BookViewController.swift */; };
		6CCB372E2B7EC40700D2603C /* TabController.swift in Sources */ = {isa = PBXBuildFile; fileRef = 6CCB372D2B7EC40700D2603C /* TabController.swift */; };
/* End PBXBuildFile section */

/* Begin PBXFileReference section */
		50EF58C78A36DF701B989250 /* Pods-MinhaLivraria.debug.xcconfig */ = {isa = PBXFileReference; includeInIndex = 1; lastKnownFileType = text.xcconfig; name = "Pods-MinhaLivraria.debug.xcconfig"; path = "Target Support Files/Pods-MinhaLivraria/Pods-MinhaLivraria.debug.xcconfig"; sourceTree = "<group>"; };
		64757CDD331E8CAB5CF68325 /* Pods-MinhaLivraria.release.xcconfig */ = {isa = PBXFileReference; includeInIndex = 1; lastKnownFileType = text.xcconfig; name = "Pods-MinhaLivraria.release.xcconfig"; path = "Target Support Files/Pods-MinhaLivraria/Pods-MinhaLivraria.release.xcconfig"; sourceTree = "<group>"; };
		6C2D23F92B7ABC7400407672 /* MinhaLivraria.app */ = {isa = PBXFileReference; explicitFileType = wrapper.application; includeInIndex = 0; path = MinhaLivraria.app; sourceTree = BUILT_PRODUCTS_DIR; };
		6C2D23FC2B7ABC7400407672 /* AppDelegate.swift */ = {isa = PBXFileReference; lastKnownFileType = sourcecode.swift; path = AppDelegate.swift; sourceTree = "<group>"; };
		6C2D23FE2B7ABC7400407672 /* SceneDelegate.swift */ = {isa = PBXFileReference; lastKnownFileType = sourcecode.swift; path = SceneDelegate.swift; sourceTree = "<group>"; };
		6C2D24002B7ABC7400407672 /* ViewController.swift */ = {isa = PBXFileReference; lastKnownFileType = sourcecode.swift; path = ViewController.swift; sourceTree = "<group>"; };
		6C2D24052B7ABC7600407672 /* Assets.xcassets */ = {isa = PBXFileReference; lastKnownFileType = folder.assetcatalog; path = Assets.xcassets; sourceTree = "<group>"; };
		6C2D24082B7ABC7600407672 /* Base */ = {isa = PBXFileReference; lastKnownFileType = file.storyboard; name = Base; path = Base.lproj/LaunchScreen.storyboard; sourceTree = "<group>"; };
		6C2D240A2B7ABC7600407672 /* Info.plist */ = {isa = PBXFileReference; lastKnownFileType = text.plist.xml; path = Info.plist; sourceTree = "<group>"; };
		6C2D24102B7AC69B00407672 /* BookCollectionCell.swift */ = {isa = PBXFileReference; lastKnownFileType = sourcecode.swift; path = BookCollectionCell.swift; sourceTree = "<group>"; };
		6C2D24122B7AD3EA00407672 /* Interactor.swift */ = {isa = PBXFileReference; lastKnownFileType = sourcecode.swift; path = Interactor.swift; sourceTree = "<group>"; };
		6C8FF4662B7F03D300F41786 /* MyButton.swift */ = {isa = PBXFileReference; lastKnownFileType = sourcecode.swift; path = MyButton.swift; sourceTree = "<group>"; };
		6C8FF4682B80335300F41786 /* AuthorModel.swift */ = {isa = PBXFileReference; lastKnownFileType = sourcecode.swift; path = AuthorModel.swift; sourceTree = "<group>"; };
		6C8FF46A2B803C7400F41786 /* BookInteractor.swift */ = {isa = PBXFileReference; lastKnownFileType = sourcecode.swift; path = BookInteractor.swift; sourceTree = "<group>"; };
		6C8FF46C2B81148A00F41786 /* WishListViewController.swift */ = {isa = PBXFileReference; lastKnownFileType = sourcecode.swift; path = WishListViewController.swift; sourceTree = "<group>"; };
		6C8FF46E2B81160600F41786 /* WishListInteractor.swift */ = {isa = PBXFileReference; lastKnownFileType = sourcecode.swift; path = WishListInteractor.swift; sourceTree = "<group>"; };
		6C8FF4762B811B9E00F41786 /* ReadViewController.swift */ = {isa = PBXFileReference; lastKnownFileType = sourcecode.swift; path = ReadViewController.swift; sourceTree = "<group>"; };
		6C8FF4782B811BF200F41786 /* ReadInteractor.swift */ = {isa = PBXFileReference; lastKnownFileType = sourcecode.swift; path = ReadInteractor.swift; sourceTree = "<group>"; };
		6CCB37212B7E6EDB00D2603C /* LibraryDataBase */ = {isa = PBXFileReference; lastKnownFileType = file; path = LibraryDataBase; sourceTree = "<group>"; };
		6CCB37252B7E740F00D2603C /* BookModel.swift */ = {isa = PBXFileReference; lastKnownFileType = sourcecode.swift; path = BookModel.swift; sourceTree = "<group>"; };
		6CCB37272B7EB1B200D2603C /* Presenter.swift */ = {isa = PBXFileReference; lastKnownFileType = sourcecode.swift; path = Presenter.swift; sourceTree = "<group>"; };
		6CCB37292B7EB3B300D2603C /* ImageLoader.swift */ = {isa = PBXFileReference; lastKnownFileType = sourcecode.swift; path = ImageLoader.swift; sourceTree = "<group>"; };
		6CCB372B2B7EBB8900D2603C /* BookViewController.swift */ = {isa = PBXFileReference; lastKnownFileType = sourcecode.swift; path = BookViewController.swift; sourceTree = "<group>"; };
		6CCB372D2B7EC40700D2603C /* TabController.swift */ = {isa = PBXFileReference; lastKnownFileType = sourcecode.swift; path = TabController.swift; sourceTree = "<group>"; };
		98284636BFA28B35CAE1AF74 /* Pods_MinhaLivraria.framework */ = {isa = PBXFileReference; explicitFileType = wrapper.framework; includeInIndex = 0; path = Pods_MinhaLivraria.framework; sourceTree = BUILT_PRODUCTS_DIR; };
/* End PBXFileReference section */

/* Begin PBXFrameworksBuildPhase section */
		6C2D23F62B7ABC7400407672 /* Frameworks */ = {
			isa = PBXFrameworksBuildPhase;
			buildActionMask = 2147483647;
			files = (
				503ECA4B8609A9350117A3CA /* Pods_MinhaLivraria.framework in Frameworks */,
			);
			runOnlyForDeploymentPostprocessing = 0;
		};
/* End PBXFrameworksBuildPhase section */

/* Begin PBXGroup section */
		35F227E58028218C09BD24AC /* Frameworks */ = {
			isa = PBXGroup;
			children = (
				98284636BFA28B35CAE1AF74 /* Pods_MinhaLivraria.framework */,
			);
			name = Frameworks;
			sourceTree = "<group>";
		};
		6C2D23F02B7ABC7400407672 = {
			isa = PBXGroup;
			children = (
				6C2D23FB2B7ABC7400407672 /* MinhaLivraria */,
				6C2D23FA2B7ABC7400407672 /* Products */,
				A556E7DDC18F51411D47EEAA /* Pods */,
				35F227E58028218C09BD24AC /* Frameworks */,
			);
			sourceTree = "<group>";
		};
		6C2D23FA2B7ABC7400407672 /* Products */ = {
			isa = PBXGroup;
			children = (
				6C2D23F92B7ABC7400407672 /* MinhaLivraria.app */,
			);
			name = Products;
			sourceTree = "<group>";
		};
		6C2D23FB2B7ABC7400407672 /* MinhaLivraria */ = {
			isa = PBXGroup;
			children = (
				6C8FF4752B811B7200F41786 /* Scene */,
				6C8FF4742B811B5B00F41786 /* UI */,
				6C8FF4732B811B2D00F41786 /* Models */,
				6C8FF4722B811AF400F41786 /* Library */,
				6C8FF4712B811AEE00F41786 /* Helpers */,
				6C8FF4702B811ACF00F41786 /* WishList */,
				6C8FF47A2B811C7B00F41786 /* ReadList */,
				6CCB37212B7E6EDB00D2603C /* LibraryDataBase */,
				6C2D24052B7ABC7600407672 /* Assets.xcassets */,
				6C2D24072B7ABC7600407672 /* LaunchScreen.storyboard */,
				6C2D240A2B7ABC7600407672 /* Info.plist */,
			);
			path = MinhaLivraria;
			sourceTree = "<group>";
		};
		6C8FF4702B811ACF00F41786 /* WishList */ = {
			isa = PBXGroup;
			children = (
				6C8FF46C2B81148A00F41786 /* WishListViewController.swift */,
				6C8FF46E2B81160600F41786 /* WishListInteractor.swift */,
			);
			path = WishList;
			sourceTree = "<group>";
		};
		6C8FF4712B811AEE00F41786 /* Helpers */ = {
			isa = PBXGroup;
			children = (
				6CCB37292B7EB3B300D2603C /* ImageLoader.swift */,
			);
			path = Helpers;
			sourceTree = "<group>";
		};
		6C8FF4722B811AF400F41786 /* Library */ = {
			isa = PBXGroup;
			children = (
				6C8FF46A2B803C7400F41786 /* BookInteractor.swift */,
				6CCB37272B7EB1B200D2603C /* Presenter.swift */,
				6C2D24122B7AD3EA00407672 /* Interactor.swift */,
				6C2D24002B7ABC7400407672 /* ViewController.swift */,
				6C2D24102B7AC69B00407672 /* BookCollectionCell.swift */,
				6CCB372B2B7EBB8900D2603C /* BookViewController.swift */,
			);
			path = Library;
			sourceTree = "<group>";
		};
		6C8FF4732B811B2D00F41786 /* Models */ = {
			isa = PBXGroup;
			children = (
				6C8FF4682B80335300F41786 /* AuthorModel.swift */,
				6CCB37252B7E740F00D2603C /* BookModel.swift */,
			);
			path = Models;
			sourceTree = "<group>";
		};
		6C8FF4742B811B5B00F41786 /* UI */ = {
			isa = PBXGroup;
			children = (
				6C8FF4662B7F03D300F41786 /* MyButton.swift */,
			);
			path = UI;
			sourceTree = "<group>";
		};
		6C8FF4752B811B7200F41786 /* Scene */ = {
			isa = PBXGroup;
			children = (
				6C2D23FC2B7ABC7400407672 /* AppDelegate.swift */,
				6C2D23FE2B7ABC7400407672 /* SceneDelegate.swift */,
				6CCB372D2B7EC40700D2603C /* TabController.swift */,
			);
			path = Scene;
			sourceTree = "<group>";
		};
		6C8FF47A2B811C7B00F41786 /* ReadList */ = {
			isa = PBXGroup;
			children = (
				6C8FF4762B811B9E00F41786 /* ReadViewController.swift */,
				6C8FF4782B811BF200F41786 /* ReadInteractor.swift */,
			);
			path = ReadList;
			sourceTree = "<group>";
		};
		A556E7DDC18F51411D47EEAA /* Pods */ = {
			isa = PBXGroup;
			children = (
				50EF58C78A36DF701B989250 /* Pods-MinhaLivraria.debug.xcconfig */,
				64757CDD331E8CAB5CF68325 /* Pods-MinhaLivraria.release.xcconfig */,
			);
			path = Pods;
			sourceTree = "<group>";
		};
/* End PBXGroup section */

/* Begin PBXNativeTarget section */
		6C2D23F82B7ABC7400407672 /* MinhaLivraria */ = {
			isa = PBXNativeTarget;
			buildConfigurationList = 6C2D240D2B7ABC7600407672 /* Build configuration list for PBXNativeTarget "MinhaLivraria" */;
			buildPhases = (
				F16A040EE73A8E62D3FDC1EF /* [CP] Check Pods Manifest.lock */,
				6C2D23F52B7ABC7400407672 /* Sources */,
				6C2D23F62B7ABC7400407672 /* Frameworks */,
				6C2D23F72B7ABC7400407672 /* Resources */,
				9F006D73F85F00EFB3BE9C2A /* [CP] Embed Pods Frameworks */,
			);
			buildRules = (
			);
			dependencies = (
			);
			name = MinhaLivraria;
			productName = MinhaLivraria;
			productReference = 6C2D23F92B7ABC7400407672 /* MinhaLivraria.app */;
			productType = "com.apple.product-type.application";
		};
/* End PBXNativeTarget section */

/* Begin PBXProject section */
		6C2D23F12B7ABC7400407672 /* Project object */ = {
			isa = PBXProject;
			attributes = {
				BuildIndependentTargetsInParallel = 1;
				LastSwiftUpdateCheck = 1510;
				LastUpgradeCheck = 1510;
				TargetAttributes = {
					6C2D23F82B7ABC7400407672 = {
						CreatedOnToolsVersion = 15.1;
					};
				};
			};
			buildConfigurationList = 6C2D23F42B7ABC7400407672 /* Build configuration list for PBXProject "MinhaLivraria" */;
			compatibilityVersion = "Xcode 14.0";
			developmentRegion = en;
			hasScannedForEncodings = 0;
			knownRegions = (
				en,
				Base,
			);
			mainGroup = 6C2D23F02B7ABC7400407672;
			productRefGroup = 6C2D23FA2B7ABC7400407672 /* Products */;
			projectDirPath = "";
			projectRoot = "";
			targets = (
				6C2D23F82B7ABC7400407672 /* MinhaLivraria */,
			);
		};
/* End PBXProject section */

/* Begin PBXResourcesBuildPhase section */
		6C2D23F72B7ABC7400407672 /* Resources */ = {
			isa = PBXResourcesBuildPhase;
			buildActionMask = 2147483647;
			files = (
				6C2D24092B7ABC7600407672 /* LaunchScreen.storyboard in Resources */,
				6C2D24062B7ABC7600407672 /* Assets.xcassets in Resources */,
				6CCB37222B7E6EDB00D2603C /* LibraryDataBase in Resources */,
			);
			runOnlyForDeploymentPostprocessing = 0;
		};
/* End PBXResourcesBuildPhase section */

/* Begin PBXShellScriptBuildPhase section */
		9F006D73F85F00EFB3BE9C2A /* [CP] Embed Pods Frameworks */ = {
			isa = PBXShellScriptBuildPhase;
			buildActionMask = 2147483647;
			files = (
			);
			inputFileListPaths = (
				"${PODS_ROOT}/Target Support Files/Pods-MinhaLivraria/Pods-MinhaLivraria-frameworks-${CONFIGURATION}-input-files.xcfilelist",
			);
			name = "[CP] Embed Pods Frameworks";
			outputFileListPaths = (
				"${PODS_ROOT}/Target Support Files/Pods-MinhaLivraria/Pods-MinhaLivraria-frameworks-${CONFIGURATION}-output-files.xcfilelist",
			);
			runOnlyForDeploymentPostprocessing = 0;
			shellPath = /bin/sh;
			shellScript = "\"${PODS_ROOT}/Target Support Files/Pods-MinhaLivraria/Pods-MinhaLivraria-frameworks.sh\"\n";
			showEnvVarsInLog = 0;
		};
		F16A040EE73A8E62D3FDC1EF /* [CP] Check Pods Manifest.lock */ = {
			isa = PBXShellScriptBuildPhase;
			buildActionMask = 2147483647;
			files = (
			);
			inputFileListPaths = (
			);
			inputPaths = (
				"${PODS_PODFILE_DIR_PATH}/Podfile.lock",
				"${PODS_ROOT}/Manifest.lock",
			);
			name = "[CP] Check Pods Manifest.lock";
			outputFileListPaths = (
			);
			outputPaths = (
				"$(DERIVED_FILE_DIR)/Pods-MinhaLivraria-checkManifestLockResult.txt",
			);
			runOnlyForDeploymentPostprocessing = 0;
			shellPath = /bin/sh;
			shellScript = "diff \"${PODS_PODFILE_DIR_PATH}/Podfile.lock\" \"${PODS_ROOT}/Manifest.lock\" > /dev/null\nif [ $? != 0 ] ; then\n    # print error to STDERR\n    echo \"error: The sandbox is not in sync with the Podfile.lock. Run 'pod install' or update your CocoaPods installation.\" >&2\n    exit 1\nfi\n# This output is used by Xcode 'outputs' to avoid re-running this script phase.\necho \"SUCCESS\" > \"${SCRIPT_OUTPUT_FILE_0}\"\n";
			showEnvVarsInLog = 0;
		};
/* End PBXShellScriptBuildPhase section */

/* Begin PBXSourcesBuildPhase section */
		6C2D23F52B7ABC7400407672 /* Sources */ = {
			isa = PBXSourcesBuildPhase;
			buildActionMask = 2147483647;
			files = (
				6C2D24112B7AC69B00407672 /* BookCollectionCell.swift in Sources */,
				6C8FF46D2B81148A00F41786 /* WishListViewController.swift in Sources */,
				6C2D24012B7ABC7400407672 /* ViewController.swift in Sources */,
				6C8FF4692B80335300F41786 /* AuthorModel.swift in Sources */,
				6CCB37282B7EB1B200D2603C /* Presenter.swift in Sources */,
				6C8FF46F2B81160600F41786 /* WishListInteractor.swift in Sources */,
				6C8FF46B2B803C7400F41786 /* BookInteractor.swift in Sources */,
				6CCB372E2B7EC40700D2603C /* TabController.swift in Sources */,
				6C2D24132B7AD3EB00407672 /* Interactor.swift in Sources */,
				6CCB372A2B7EB3B400D2603C /* ImageLoader.swift in Sources */,
				6C2D23FD2B7ABC7400407672 /* AppDelegate.swift in Sources */,
				6C8FF4792B811BF200F41786 /* ReadInteractor.swift in Sources */,
				6CCB372C2B7EBB8A00D2603C /* BookViewController.swift in Sources */,
				6C2D23FF2B7ABC7400407672 /* SceneDelegate.swift in Sources */,
				6CCB37262B7E740F00D2603C /* BookModel.swift in Sources */,
				6C8FF4772B811B9E00F41786 /* ReadViewController.swift in Sources */,
				6C8FF4672B7F03D300F41786 /* MyButton.swift in Sources */,
			);
			runOnlyForDeploymentPostprocessing = 0;
		};
/* End PBXSourcesBuildPhase section */

/* Begin PBXVariantGroup section */
		6C2D24072B7ABC7600407672 /* LaunchScreen.storyboard */ = {
			isa = PBXVariantGroup;
			children = (
				6C2D24082B7ABC7600407672 /* Base */,
			);
			name = LaunchScreen.storyboard;
			sourceTree = "<group>";
		};
/* End PBXVariantGroup section */

/* Begin XCBuildConfiguration section */
		6C2D240B2B7ABC7600407672 /* Debug */ = {
			isa = XCBuildConfiguration;
			buildSettings = {
				ALWAYS_SEARCH_USER_PATHS = NO;
				ASSETCATALOG_COMPILER_GENERATE_SWIFT_ASSET_SYMBOL_EXTENSIONS = YES;
				CLANG_ANALYZER_NONNULL = YES;
				CLANG_ANALYZER_NUMBER_OBJECT_CONVERSION = YES_AGGRESSIVE;
				CLANG_CXX_LANGUAGE_STANDARD = "gnu++20";
				CLANG_ENABLE_MODULES = YES;
				CLANG_ENABLE_OBJC_ARC = YES;
				CLANG_ENABLE_OBJC_WEAK = YES;
				CLANG_WARN_BLOCK_CAPTURE_AUTORELEASING = YES;
				CLANG_WARN_BOOL_CONVERSION = YES;
				CLANG_WARN_COMMA = YES;
				CLANG_WARN_CONSTANT_CONVERSION = YES;
				CLANG_WARN_DEPRECATED_OBJC_IMPLEMENTATIONS = YES;
				CLANG_WARN_DIRECT_OBJC_ISA_USAGE = YES_ERROR;
				CLANG_WARN_DOCUMENTATION_COMMENTS = YES;
				CLANG_WARN_EMPTY_BODY = YES;
				CLANG_WARN_ENUM_CONVERSION = YES;
				CLANG_WARN_INFINITE_RECURSION = YES;
				CLANG_WARN_INT_CONVERSION = YES;
				CLANG_WARN_NON_LITERAL_NULL_CONVERSION = YES;
				CLANG_WARN_OBJC_IMPLICIT_RETAIN_SELF = YES;
				CLANG_WARN_OBJC_LITERAL_CONVERSION = YES;
				CLANG_WARN_OBJC_ROOT_CLASS = YES_ERROR;
				CLANG_WARN_QUOTED_INCLUDE_IN_FRAMEWORK_HEADER = YES;
				CLANG_WARN_RANGE_LOOP_ANALYSIS = YES;
				CLANG_WARN_STRICT_PROTOTYPES = YES;
				CLANG_WARN_SUSPICIOUS_MOVE = YES;
				CLANG_WARN_UNGUARDED_AVAILABILITY = YES_AGGRESSIVE;
				CLANG_WARN_UNREACHABLE_CODE = YES;
				CLANG_WARN__DUPLICATE_METHOD_MATCH = YES;
				COPY_PHASE_STRIP = NO;
				DEBUG_INFORMATION_FORMAT = dwarf;
				ENABLE_STRICT_OBJC_MSGSEND = YES;
				ENABLE_TESTABILITY = YES;
				ENABLE_USER_SCRIPT_SANDBOXING = YES;
				GCC_C_LANGUAGE_STANDARD = gnu17;
				GCC_DYNAMIC_NO_PIC = NO;
				GCC_NO_COMMON_BLOCKS = YES;
				GCC_OPTIMIZATION_LEVEL = 0;
				GCC_PREPROCESSOR_DEFINITIONS = (
					"DEBUG=1",
					"$(inherited)",
				);
				GCC_WARN_64_TO_32_BIT_CONVERSION = YES;
				GCC_WARN_ABOUT_RETURN_TYPE = YES_ERROR;
				GCC_WARN_UNDECLARED_SELECTOR = YES;
				GCC_WARN_UNINITIALIZED_AUTOS = YES_AGGRESSIVE;
				GCC_WARN_UNUSED_FUNCTION = YES;
				GCC_WARN_UNUSED_VARIABLE = YES;
				IPHONEOS_DEPLOYMENT_TARGET = 17.2;
				LOCALIZATION_PREFERS_STRING_CATALOGS = YES;
				MTL_ENABLE_DEBUG_INFO = INCLUDE_SOURCE;
				MTL_FAST_MATH = YES;
				ONLY_ACTIVE_ARCH = YES;
				SDKROOT = iphoneos;
				SWIFT_ACTIVE_COMPILATION_CONDITIONS = "DEBUG $(inherited)";
				SWIFT_OPTIMIZATION_LEVEL = "-Onone";
			};
			name = Debug;
		};
		6C2D240C2B7ABC7600407672 /* Release */ = {
			isa = XCBuildConfiguration;
			buildSettings = {
				ALWAYS_SEARCH_USER_PATHS = NO;
				ASSETCATALOG_COMPILER_GENERATE_SWIFT_ASSET_SYMBOL_EXTENSIONS = YES;
				CLANG_ANALYZER_NONNULL = YES;
				CLANG_ANALYZER_NUMBER_OBJECT_CONVERSION = YES_AGGRESSIVE;
				CLANG_CXX_LANGUAGE_STANDARD = "gnu++20";
				CLANG_ENABLE_MODULES = YES;
				CLANG_ENABLE_OBJC_ARC = YES;
				CLANG_ENABLE_OBJC_WEAK = YES;
				CLANG_WARN_BLOCK_CAPTURE_AUTORELEASING = YES;
				CLANG_WARN_BOOL_CONVERSION = YES;
				CLANG_WARN_COMMA = YES;
				CLANG_WARN_CONSTANT_CONVERSION = YES;
				CLANG_WARN_DEPRECATED_OBJC_IMPLEMENTATIONS = YES;
				CLANG_WARN_DIRECT_OBJC_ISA_USAGE = YES_ERROR;
				CLANG_WARN_DOCUMENTATION_COMMENTS = YES;
				CLANG_WARN_EMPTY_BODY = YES;
				CLANG_WARN_ENUM_CONVERSION = YES;
				CLANG_WARN_INFINITE_RECURSION = YES;
				CLANG_WARN_INT_CONVERSION = YES;
				CLANG_WARN_NON_LITERAL_NULL_CONVERSION = YES;
				CLANG_WARN_OBJC_IMPLICIT_RETAIN_SELF = YES;
				CLANG_WARN_OBJC_LITERAL_CONVERSION = YES;
				CLANG_WARN_OBJC_ROOT_CLASS = YES_ERROR;
				CLANG_WARN_QUOTED_INCLUDE_IN_FRAMEWORK_HEADER = YES;
				CLANG_WARN_RANGE_LOOP_ANALYSIS = YES;
				CLANG_WARN_STRICT_PROTOTYPES = YES;
				CLANG_WARN_SUSPICIOUS_MOVE = YES;
				CLANG_WARN_UNGUARDED_AVAILABILITY = YES_AGGRESSIVE;
				CLANG_WARN_UNREACHABLE_CODE = YES;
				CLANG_WARN__DUPLICATE_METHOD_MATCH = YES;
				COPY_PHASE_STRIP = NO;
				DEBUG_INFORMATION_FORMAT = "dwarf-with-dsym";
				ENABLE_NS_ASSERTIONS = NO;
				ENABLE_STRICT_OBJC_MSGSEND = YES;
				ENABLE_USER_SCRIPT_SANDBOXING = YES;
				GCC_C_LANGUAGE_STANDARD = gnu17;
				GCC_NO_COMMON_BLOCKS = YES;
				GCC_WARN_64_TO_32_BIT_CONVERSION = YES;
				GCC_WARN_ABOUT_RETURN_TYPE = YES_ERROR;
				GCC_WARN_UNDECLARED_SELECTOR = YES;
				GCC_WARN_UNINITIALIZED_AUTOS = YES_AGGRESSIVE;
				GCC_WARN_UNUSED_FUNCTION = YES;
				GCC_WARN_UNUSED_VARIABLE = YES;
				IPHONEOS_DEPLOYMENT_TARGET = 17.2;
				LOCALIZATION_PREFERS_STRING_CATALOGS = YES;
				MTL_ENABLE_DEBUG_INFO = NO;
				MTL_FAST_MATH = YES;
				SDKROOT = iphoneos;
				SWIFT_COMPILATION_MODE = wholemodule;
				VALIDATE_PRODUCT = YES;
			};
			name = Release;
		};
		6C2D240E2B7ABC7600407672 /* Debug */ = {
			isa = XCBuildConfiguration;
			baseConfigurationReference = 50EF58C78A36DF701B989250 /* Pods-MinhaLivraria.debug.xcconfig */;
			buildSettings = {
				ASSETCATALOG_COMPILER_APPICON_NAME = AppIcon;
				ASSETCATALOG_COMPILER_GLOBAL_ACCENT_COLOR_NAME = AccentColor;
				CODE_SIGN_STYLE = Automatic;
				CURRENT_PROJECT_VERSION = 1;
				DEVELOPMENT_TEAM = AMXQN329PY;
				ENABLE_USER_SCRIPT_SANDBOXING = NO;
				GENERATE_INFOPLIST_FILE = YES;
				INFOPLIST_FILE = MinhaLivraria/Info.plist;
				INFOPLIST_KEY_UIApplicationSupportsIndirectInputEvents = YES;
				INFOPLIST_KEY_UILaunchStoryboardName = LaunchScreen;
				INFOPLIST_KEY_UISupportedInterfaceOrientations_iPad = "UIInterfaceOrientationPortrait UIInterfaceOrientationPortraitUpsideDown UIInterfaceOrientationLandscapeLeft UIInterfaceOrientationLandscapeRight";
				INFOPLIST_KEY_UISupportedInterfaceOrientations_iPhone = "UIInterfaceOrientationPortrait UIInterfaceOrientationLandscapeLeft UIInterfaceOrientationLandscapeRight";
				LD_RUNPATH_SEARCH_PATHS = (
					"$(inherited)",
					"@executable_path/Frameworks",
				);
				MARKETING_VERSION = 1.0;
				PRODUCT_BUNDLE_IDENTIFIER = br.pyettra.MinhaLivraria;
				PRODUCT_NAME = "$(TARGET_NAME)";
				SWIFT_EMIT_LOC_STRINGS = YES;
				SWIFT_VERSION = 5.0;
				TARGETED_DEVICE_FAMILY = "1,2";
			};
			name = Debug;
		};
		6C2D240F2B7ABC7600407672 /* Release */ = {
			isa = XCBuildConfiguration;
			baseConfigurationReference = 64757CDD331E8CAB5CF68325 /* Pods-MinhaLivraria.release.xcconfig */;
			buildSettings = {
				ASSETCATALOG_COMPILER_APPICON_NAME = AppIcon;
				ASSETCATALOG_COMPILER_GLOBAL_ACCENT_COLOR_NAME = AccentColor;
				CODE_SIGN_STYLE = Automatic;
				CURRENT_PROJECT_VERSION = 1;
				DEVELOPMENT_TEAM = AMXQN329PY;
				ENABLE_USER_SCRIPT_SANDBOXING = NO;
				GENERATE_INFOPLIST_FILE = YES;
				INFOPLIST_FILE = MinhaLivraria/Info.plist;
				INFOPLIST_KEY_UIApplicationSupportsIndirectInputEvents = YES;
				INFOPLIST_KEY_UILaunchStoryboardName = LaunchScreen;
				INFOPLIST_KEY_UISupportedInterfaceOrientations_iPad = "UIInterfaceOrientationPortrait UIInterfaceOrientationPortraitUpsideDown UIInterfaceOrientationLandscapeLeft UIInterfaceOrientationLandscapeRight";
				INFOPLIST_KEY_UISupportedInterfaceOrientations_iPhone = "UIInterfaceOrientationPortrait UIInterfaceOrientationLandscapeLeft UIInterfaceOrientationLandscapeRight";
				LD_RUNPATH_SEARCH_PATHS = (
					"$(inherited)",
					"@executable_path/Frameworks",
				);
				MARKETING_VERSION = 1.0;
				PRODUCT_BUNDLE_IDENTIFIER = br.pyettra.MinhaLivraria;
				PRODUCT_NAME = "$(TARGET_NAME)";
				SWIFT_EMIT_LOC_STRINGS = YES;
				SWIFT_VERSION = 5.0;
				TARGETED_DEVICE_FAMILY = "1,2";
			};
			name = Release;
		};
/* End XCBuildConfiguration section */

/* Begin XCConfigurationList section */
		6C2D23F42B7ABC7400407672 /* Build configuration list for PBXProject "MinhaLivraria" */ = {
			isa = XCConfigurationList;
			buildConfigurations = (
				6C2D240B2B7ABC7600407672 /* Debug */,
				6C2D240C2B7ABC7600407672 /* Release */,
			);
			defaultConfigurationIsVisible = 0;
			defaultConfigurationName = Release;
		};
		6C2D240D2B7ABC7600407672 /* Build configuration list for PBXNativeTarget "MinhaLivraria" */ = {
			isa = XCConfigurationList;
			buildConfigurations = (
				6C2D240E2B7ABC7600407672 /* Debug */,
				6C2D240F2B7ABC7600407672 /* Release */,
			);
			defaultConfigurationIsVisible = 0;
			defaultConfigurationName = Release;
		};
/* End XCConfigurationList section */
	};
	rootObject = 6C2D23F12B7ABC7400407672 /* Project object */;
}
